{
  "name": "json-chewer",
  "version": "1.0.0-beta3",
  "lockfileVersion": 1,
  "requires": true,
  "dependencies": {
    "commander": {
      "version": "2.14.0",
      "resolved": "https://registry.npmjs.org/commander/-/commander-2.14.0.tgz",
      "integrity": "sha512-okPpdvdJr6mUGi2XzupC+irQxzwGLVaBzacFC14hjLv8NColXEsxsU+QaeuSSXpQUak5g2K0vQ7WjA1e8svczg=="
    },
    "faker": {
      "version": "4.1.0",
      "resolved": "https://registry.npmjs.org/faker/-/faker-4.1.0.tgz",
      "integrity": "sha1-HkW7vsxndLPBlfrSg1EJxtdIzD8="
    },
    "import-cwd": {
      "version": "2.1.0",
      "resolved": "https://registry.npmjs.org/import-cwd/-/import-cwd-2.1.0.tgz",
      "integrity": "sha1-qmzzbnInYShcs3HsZRn1PiQ1sKk=",
      "requires": {
        "import-from": "2.1.0"
      }
    },
    "import-from": {
      "version": "2.1.0",
      "resolved": "https://registry.npmjs.org/import-from/-/import-from-2.1.0.tgz",
      "integrity": "sha1-M1238qev/VOqpHHUuAId7ja387E=",
      "requires": {
        "resolve-from": "3.0.0"
      }
    },
    "is-bound-function": {
      "version": "1.0.1",
      "resolved": "https://registry.npmjs.org/is-bound-function/-/is-bound-function-1.0.1.tgz",
      "integrity": "sha1-yl3o+gJNEmbWzHI8uyy7G85zmy8="
    },
    "resolve-from": {
      "version": "3.0.0",
      "resolved": "https://registry.npmjs.org/resolve-from/-/resolve-from-3.0.0.tgz",
      "integrity": "sha1-six699nWiBvItuZTM17rywoYh0g="
    }
  }
}
